// !$*UTF8*$!
{
	archiveVersion = 1;
	classes = {
	};
	objectVersion = 54;
	objects = {

/* Begin PBXBuildFile section */
		00E356F31AD99517003FC87E /* OneStackPhase_2Tests.m in Sources */ = {isa = PBXBuildFile; fileRef = 00E356F21AD99517003FC87E /* OneStackPhase_2Tests.m */; };
		084BCCC3950345BAAB295BB8 /* Barlow-Light.ttf in Resources */ = {isa = PBXBuildFile; fileRef = 637560FBF783494E8748CAF8 /* Barlow-Light.ttf */; };
		13B07FBC1A68108700A75B9A /* AppDelegate.m in Sources */ = {isa = PBXBuildFile; fileRef = 13B07FB01A68108700A75B9A /* AppDelegate.m */; };
		13B07FBF1A68108700A75B9A /* Images.xcassets in Resources */ = {isa = PBXBuildFile; fileRef = 13B07FB51A68108700A75B9A /* Images.xcassets */; };
		13B07FC11A68108700A75B9A /* main.m in Sources */ = {isa = PBXBuildFile; fileRef = 13B07FB71A68108700A75B9A /* main.m */; };
		141ECE0200D64A0A858CE123 /* IBMPlexSans-ExtraLight.ttf in Resources */ = {isa = PBXBuildFile; fileRef = 7DA4DF7E069248BBBAE5534A /* IBMPlexSans-ExtraLight.ttf */; };
		160644D4FFE948BCB4621A6D /* Barlow-SemiBoldItalic.ttf in Resources */ = {isa = PBXBuildFile; fileRef = 72D8E2445B034D09A4F8BCE8 /* Barlow-SemiBoldItalic.ttf */; };
		1663F6A5740D467C872B1C28 /* IBMPlexSans-Thin.ttf in Resources */ = {isa = PBXBuildFile; fileRef = DA12DB2E978C40639EB04C92 /* IBMPlexSans-Thin.ttf */; };
		22C0F87FDFFC40D1B2D544AA /* Barlow-BoldItalic.ttf in Resources */ = {isa = PBXBuildFile; fileRef = 6CE91BC97DA345D3AD9C0EB1 /* Barlow-BoldItalic.ttf */; };
		239FDBEE7FF14D1A83E0D9DD /* Barlow-Regular.ttf in Resources */ = {isa = PBXBuildFile; fileRef = 762CA774AE624889B309897F /* Barlow-Regular.ttf */; };
		272B6A7F32FD42BB9FBEC185 /* Barlow-SemiBold.ttf in Resources */ = {isa = PBXBuildFile; fileRef = 0E50596A417A422BB67AF5C1 /* Barlow-SemiBold.ttf */; };
		2DAE1E1333041056337DC3A9 /* libPods-OneStackPhase_2-OneStackPhase_2Tests.a in Frameworks */ = {isa = PBXBuildFile; fileRef = FCA2CE87A4D2DC986D713C54 /* libPods-OneStackPhase_2-OneStackPhase_2Tests.a */; };
		34BCB6EDD8984A80BEC1FF0F /* adihaus-regular.ttf in Resources */ = {isa = PBXBuildFile; fileRef = F1F88572912C4B73BF66DB0D /* adihaus-regular.ttf */; };
		3BD26A0A24134F318C886F2B /* Barlow-MediumItalic.ttf in Resources */ = {isa = PBXBuildFile; fileRef = 2795E3C355E64F458C37ADF1 /* Barlow-MediumItalic.ttf */; };
		5279011E9AA145ACA52FC9D8 /* OpenSans-Regular.ttf in Resources */ = {isa = PBXBuildFile; fileRef = 7E55256F54914A4AAC1A68A6 /* OpenSans-Regular.ttf */; };
		541E9A53F578445495940127 /* OpenSans-Light.ttf in Resources */ = {isa = PBXBuildFile; fileRef = 6524E24E3FE1475EB7BE526F /* OpenSans-Light.ttf */; };
		81AB9BB82411601600AC10FF /* LaunchScreen.storyboard in Resources */ = {isa = PBXBuildFile; fileRef = 81AB9BB72411601600AC10FF /* LaunchScreen.storyboard */; };
		81D84E361F2E40B9BCD41DB2 /* Barlow-Black.ttf in Resources */ = {isa = PBXBuildFile; fileRef = 12CF320E4B974B0AB4E2B4BA /* Barlow-Black.ttf */; };
		8718858C344D49228F9DC146 /* Barlow-Italic.ttf in Resources */ = {isa = PBXBuildFile; fileRef = EA10098D939B4B3994C7FF3C /* Barlow-Italic.ttf */; };
		9CD6B1F0C2F1463BB09FE259 /* Barlow-ThinItalic.ttf in Resources */ = {isa = PBXBuildFile; fileRef = 6502139172684A178EE8600E /* Barlow-ThinItalic.ttf */; };
		9EF76A4079334E9A9C7765E9 /* Barlow-ExtraLight.ttf in Resources */ = {isa = PBXBuildFile; fileRef = 900C101F949C42B388EA6317 /* Barlow-ExtraLight.ttf */; };
		A341EAE4D4C248659D31D535 /* Barlow-ExtraBoldItalic.ttf in Resources */ = {isa = PBXBuildFile; fileRef = 63D314AAEAC84D17971D3A7B /* Barlow-ExtraBoldItalic.ttf */; };
		A6B96666B5EE4A2FA18089E8 /* Barlow-ExtraLightItalic.ttf in Resources */ = {isa = PBXBuildFile; fileRef = A7A28B5EC533438EA4C1CE90 /* Barlow-ExtraLightItalic.ttf */; };
		B28752DF998B49A39793D690 /* IBMPlexSans-Light.ttf in Resources */ = {isa = PBXBuildFile; fileRef = 4D9416CA2C41401687B1B008 /* IBMPlexSans-Light.ttf */; };
		B28C4D51A4BC4DD4AADA8A6C /* OpenSans-Bold.ttf in Resources */ = {isa = PBXBuildFile; fileRef = C2703E38E82A4F09B259D6BE /* OpenSans-Bold.ttf */; };
		C222E11350C3492C9818E48E /* Barlow-BlackItalic.ttf in Resources */ = {isa = PBXBuildFile; fileRef = 8F5B04119E2445B0944225F9 /* Barlow-BlackItalic.ttf */; };
		C2B74110201B49B39EB81E77 /* IBMPlexSans-Bold.ttf in Resources */ = {isa = PBXBuildFile; fileRef = 750F2E58F05D4C6EB07EC27E /* IBMPlexSans-Bold.ttf */; };
		C5B1A4D7BF6F428F85232038 /* Barlow-Bold.ttf in Resources */ = {isa = PBXBuildFile; fileRef = EEDF5BF73714420781AF80E3 /* Barlow-Bold.ttf */; };
		C92B2BB53E0A467FB3F54D40 /* adihaus-italic.ttf in Resources */ = {isa = PBXBuildFile; fileRef = 5C5E651B69D44D9D8EDFBD1E /* adihaus-italic.ttf */; };
		CD7AB41F5D2649E28338C5C2 /* adihaus-bold.ttf in Resources */ = {isa = PBXBuildFile; fileRef = DDC59302306F41C7ABCADCC3 /* adihaus-bold.ttf */; };
		CE272A5163CE47789E239802 /* IBMPlexSans-Regular.ttf in Resources */ = {isa = PBXBuildFile; fileRef = 6A63FF88FAC74187A8419B04 /* IBMPlexSans-Regular.ttf */; };
		D46606E20A50567CA2AD6128 /* libPods-OneStackPhase_2.a in Frameworks */ = {isa = PBXBuildFile; fileRef = 6DCCAA3EC92EE6B64E08819F /* libPods-OneStackPhase_2.a */; };
		D98EFDD95F7F4091BC5B857D /* IBMPlexSans-Medium.ttf in Resources */ = {isa = PBXBuildFile; fileRef = 8AF089C6D9B44B67B2F9883E /* IBMPlexSans-Medium.ttf */; };
		DC52CE650A9C4466837F5FA7 /* Barlow-ExtraBold.ttf in Resources */ = {isa = PBXBuildFile; fileRef = 1444C498864E452190B1FD8C /* Barlow-ExtraBold.ttf */; };
		E04676B25F0F43F3A9FE7A76 /* OpenSans-SemiBold.ttf in Resources */ = {isa = PBXBuildFile; fileRef = 57276BEB27B54424918C14E5 /* OpenSans-SemiBold.ttf */; };
		EBA88B0DD4574ACE902FEE9A /* Barlow-Medium.ttf in Resources */ = {isa = PBXBuildFile; fileRef = 75C413B3CE654C249DB05500 /* Barlow-Medium.ttf */; };
		EED0A54FB5B44BD1ADA646CA /* Barlow-LightItalic.ttf in Resources */ = {isa = PBXBuildFile; fileRef = 245E102E95CC4582BA607480 /* Barlow-LightItalic.ttf */; };
		F38D4156C64B4A62B55AF229 /* IBMPlexSans-SemiBold.ttf in Resources */ = {isa = PBXBuildFile; fileRef = 9110939F24DF4153BD6270E2 /* IBMPlexSans-SemiBold.ttf */; };
		FCD42950E9C245C482EA9FB4 /* Barlow-Thin.ttf in Resources */ = {isa = PBXBuildFile; fileRef = 9827FE778BC844E3941FC9C2 /* Barlow-Thin.ttf */; };
/* End PBXBuildFile section */

/* Begin PBXContainerItemProxy section */
		00E356F41AD99517003FC87E /* PBXContainerItemProxy */ = {
			isa = PBXContainerItemProxy;
			containerPortal = 83CBB9F71A601CBA00E9B192 /* Project object */;
			proxyType = 1;
			remoteGlobalIDString = 13B07F861A680F5B00A75B9A;
			remoteInfo = OneStackPhase_2;
		};
/* End PBXContainerItemProxy section */

/* Begin PBXFileReference section */
		00E356EE1AD99517003FC87E /* OneStackPhase_2Tests.xctest */ = {isa = PBXFileReference; explicitFileType = wrapper.cfbundle; includeInIndex = 0; path = OneStackPhase_2Tests.xctest; sourceTree = BUILT_PRODUCTS_DIR; };
		00E356F11AD99517003FC87E /* Info.plist */ = {isa = PBXFileReference; lastKnownFileType = text.plist.xml; path = Info.plist; sourceTree = "<group>"; };
		00E356F21AD99517003FC87E /* OneStackPhase_2Tests.m */ = {isa = PBXFileReference; lastKnownFileType = sourcecode.c.objc; path = OneStackPhase_2Tests.m; sourceTree = "<group>"; };
		0E50596A417A422BB67AF5C1 /* Barlow-SemiBold.ttf */ = {isa = PBXFileReference; explicitFileType = undefined; fileEncoding = undefined; includeInIndex = 0; lastKnownFileType = unknown; name = "Barlow-SemiBold.ttf"; path = "../Assets/fonts/Barlow-SemiBold.ttf"; sourceTree = "<group>"; };
		12CF320E4B974B0AB4E2B4BA /* Barlow-Black.ttf */ = {isa = PBXFileReference; explicitFileType = undefined; fileEncoding = undefined; includeInIndex = 0; lastKnownFileType = unknown; name = "Barlow-Black.ttf"; path = "../Assets/fonts/Barlow-Black.ttf"; sourceTree = "<group>"; };
		13B07F961A680F5B00A75B9A /* OneStackPhase_2.app */ = {isa = PBXFileReference; explicitFileType = wrapper.application; includeInIndex = 0; path = OneStackPhase_2.app; sourceTree = BUILT_PRODUCTS_DIR; };
		13B07FAF1A68108700A75B9A /* AppDelegate.h */ = {isa = PBXFileReference; fileEncoding = 4; lastKnownFileType = sourcecode.c.h; name = AppDelegate.h; path = OneStackPhase_2/AppDelegate.h; sourceTree = "<group>"; };
		13B07FB01A68108700A75B9A /* AppDelegate.m */ = {isa = PBXFileReference; fileEncoding = 4; lastKnownFileType = sourcecode.c.objc; name = AppDelegate.m; path = OneStackPhase_2/AppDelegate.m; sourceTree = "<group>"; };
		13B07FB51A68108700A75B9A /* Images.xcassets */ = {isa = PBXFileReference; lastKnownFileType = folder.assetcatalog; name = Images.xcassets; path = OneStackPhase_2/Images.xcassets; sourceTree = "<group>"; };
		13B07FB61A68108700A75B9A /* Info.plist */ = {isa = PBXFileReference; fileEncoding = 4; lastKnownFileType = text.plist.xml; name = Info.plist; path = OneStackPhase_2/Info.plist; sourceTree = "<group>"; };
		13B07FB71A68108700A75B9A /* main.m */ = {isa = PBXFileReference; fileEncoding = 4; lastKnownFileType = sourcecode.c.objc; name = main.m; path = OneStackPhase_2/main.m; sourceTree = "<group>"; };
		1444C498864E452190B1FD8C /* Barlow-ExtraBold.ttf */ = {isa = PBXFileReference; explicitFileType = undefined; fileEncoding = undefined; includeInIndex = 0; lastKnownFileType = unknown; name = "Barlow-ExtraBold.ttf"; path = "../Assets/fonts/Barlow-ExtraBold.ttf"; sourceTree = "<group>"; };
		245E102E95CC4582BA607480 /* Barlow-LightItalic.ttf */ = {isa = PBXFileReference; explicitFileType = undefined; fileEncoding = undefined; includeInIndex = 0; lastKnownFileType = unknown; name = "Barlow-LightItalic.ttf"; path = "../Assets/fonts/Barlow-LightItalic.ttf"; sourceTree = "<group>"; };
		2795E3C355E64F458C37ADF1 /* Barlow-MediumItalic.ttf */ = {isa = PBXFileReference; explicitFileType = undefined; fileEncoding = undefined; includeInIndex = 0; lastKnownFileType = unknown; name = "Barlow-MediumItalic.ttf"; path = "../Assets/fonts/Barlow-MediumItalic.ttf"; sourceTree = "<group>"; };
		3B9DA01623465FDEC93F94B8 /* Pods-OneStackPhase_2.debug.xcconfig */ = {isa = PBXFileReference; includeInIndex = 1; lastKnownFileType = text.xcconfig; name = "Pods-OneStackPhase_2.debug.xcconfig"; path = "Target Support Files/Pods-OneStackPhase_2/Pods-OneStackPhase_2.debug.xcconfig"; sourceTree = "<group>"; };
		4D9416CA2C41401687B1B008 /* IBMPlexSans-Light.ttf */ = {isa = PBXFileReference; explicitFileType = undefined; fileEncoding = undefined; includeInIndex = 0; lastKnownFileType = unknown; name = "IBMPlexSans-Light.ttf"; path = "../Assets/fonts/IBMPlexSans-Light.ttf"; sourceTree = "<group>"; };
		522FD66628870E0137F930A8 /* Pods-OneStackPhase_2.release.xcconfig */ = {isa = PBXFileReference; includeInIndex = 1; lastKnownFileType = text.xcconfig; name = "Pods-OneStackPhase_2.release.xcconfig"; path = "Target Support Files/Pods-OneStackPhase_2/Pods-OneStackPhase_2.release.xcconfig"; sourceTree = "<group>"; };
		57276BEB27B54424918C14E5 /* OpenSans-SemiBold.ttf */ = {isa = PBXFileReference; explicitFileType = undefined; fileEncoding = undefined; includeInIndex = 0; lastKnownFileType = unknown; name = "OpenSans-SemiBold.ttf"; path = "../Assets/fonts/OpenSans-SemiBold.ttf"; sourceTree = "<group>"; };
		5C5E651B69D44D9D8EDFBD1E /* adihaus-italic.ttf */ = {isa = PBXFileReference; explicitFileType = undefined; fileEncoding = undefined; includeInIndex = 0; lastKnownFileType = unknown; name = "adihaus-italic.ttf"; path = "../Assets/fonts/adihaus-italic.ttf"; sourceTree = "<group>"; };
		637560FBF783494E8748CAF8 /* Barlow-Light.ttf */ = {isa = PBXFileReference; explicitFileType = undefined; fileEncoding = undefined; includeInIndex = 0; lastKnownFileType = unknown; name = "Barlow-Light.ttf"; path = "../Assets/fonts/Barlow-Light.ttf"; sourceTree = "<group>"; };
		63D314AAEAC84D17971D3A7B /* Barlow-ExtraBoldItalic.ttf */ = {isa = PBXFileReference; explicitFileType = undefined; fileEncoding = undefined; includeInIndex = 0; lastKnownFileType = unknown; name = "Barlow-ExtraBoldItalic.ttf"; path = "../Assets/fonts/Barlow-ExtraBoldItalic.ttf"; sourceTree = "<group>"; };
		6502139172684A178EE8600E /* Barlow-ThinItalic.ttf */ = {isa = PBXFileReference; explicitFileType = undefined; fileEncoding = undefined; includeInIndex = 0; lastKnownFileType = unknown; name = "Barlow-ThinItalic.ttf"; path = "../Assets/fonts/Barlow-ThinItalic.ttf"; sourceTree = "<group>"; };
		6524E24E3FE1475EB7BE526F /* OpenSans-Light.ttf */ = {isa = PBXFileReference; explicitFileType = undefined; fileEncoding = undefined; includeInIndex = 0; lastKnownFileType = unknown; name = "OpenSans-Light.ttf"; path = "../Assets/fonts/OpenSans-Light.ttf"; sourceTree = "<group>"; };
		6A63FF88FAC74187A8419B04 /* IBMPlexSans-Regular.ttf */ = {isa = PBXFileReference; explicitFileType = undefined; fileEncoding = undefined; includeInIndex = 0; lastKnownFileType = unknown; name = "IBMPlexSans-Regular.ttf"; path = "../Assets/fonts/IBMPlexSans-Regular.ttf"; sourceTree = "<group>"; };
		6CE91BC97DA345D3AD9C0EB1 /* Barlow-BoldItalic.ttf */ = {isa = PBXFileReference; explicitFileType = undefined; fileEncoding = undefined; includeInIndex = 0; lastKnownFileType = unknown; name = "Barlow-BoldItalic.ttf"; path = "../Assets/fonts/Barlow-BoldItalic.ttf"; sourceTree = "<group>"; };
		6DCCAA3EC92EE6B64E08819F /* libPods-OneStackPhase_2.a */ = {isa = PBXFileReference; explicitFileType = archive.ar; includeInIndex = 0; path = "libPods-OneStackPhase_2.a"; sourceTree = BUILT_PRODUCTS_DIR; };
		72D8E2445B034D09A4F8BCE8 /* Barlow-SemiBoldItalic.ttf */ = {isa = PBXFileReference; explicitFileType = undefined; fileEncoding = undefined; includeInIndex = 0; lastKnownFileType = unknown; name = "Barlow-SemiBoldItalic.ttf"; path = "../Assets/fonts/Barlow-SemiBoldItalic.ttf"; sourceTree = "<group>"; };
		750F2E58F05D4C6EB07EC27E /* IBMPlexSans-Bold.ttf */ = {isa = PBXFileReference; explicitFileType = undefined; fileEncoding = undefined; includeInIndex = 0; lastKnownFileType = unknown; name = "IBMPlexSans-Bold.ttf"; path = "../Assets/fonts/IBMPlexSans-Bold.ttf"; sourceTree = "<group>"; };
		75C413B3CE654C249DB05500 /* Barlow-Medium.ttf */ = {isa = PBXFileReference; explicitFileType = undefined; fileEncoding = undefined; includeInIndex = 0; lastKnownFileType = unknown; name = "Barlow-Medium.ttf"; path = "../Assets/fonts/Barlow-Medium.ttf"; sourceTree = "<group>"; };
		762CA774AE624889B309897F /* Barlow-Regular.ttf */ = {isa = PBXFileReference; explicitFileType = undefined; fileEncoding = undefined; includeInIndex = 0; lastKnownFileType = unknown; name = "Barlow-Regular.ttf"; path = "../Assets/fonts/Barlow-Regular.ttf"; sourceTree = "<group>"; };
		7DA4DF7E069248BBBAE5534A /* IBMPlexSans-ExtraLight.ttf */ = {isa = PBXFileReference; explicitFileType = undefined; fileEncoding = undefined; includeInIndex = 0; lastKnownFileType = unknown; name = "IBMPlexSans-ExtraLight.ttf"; path = "../Assets/fonts/IBMPlexSans-ExtraLight.ttf"; sourceTree = "<group>"; };
		7E55256F54914A4AAC1A68A6 /* OpenSans-Regular.ttf */ = {isa = PBXFileReference; explicitFileType = undefined; fileEncoding = undefined; includeInIndex = 0; lastKnownFileType = unknown; name = "OpenSans-Regular.ttf"; path = "../Assets/fonts/OpenSans-Regular.ttf"; sourceTree = "<group>"; };
		81AB9BB72411601600AC10FF /* LaunchScreen.storyboard */ = {isa = PBXFileReference; fileEncoding = 4; lastKnownFileType = file.storyboard; name = LaunchScreen.storyboard; path = OneStackPhase_2/LaunchScreen.storyboard; sourceTree = "<group>"; };
		8AF089C6D9B44B67B2F9883E /* IBMPlexSans-Medium.ttf */ = {isa = PBXFileReference; explicitFileType = undefined; fileEncoding = undefined; includeInIndex = 0; lastKnownFileType = unknown; name = "IBMPlexSans-Medium.ttf"; path = "../Assets/fonts/IBMPlexSans-Medium.ttf"; sourceTree = "<group>"; };
		8F5B04119E2445B0944225F9 /* Barlow-BlackItalic.ttf */ = {isa = PBXFileReference; explicitFileType = undefined; fileEncoding = undefined; includeInIndex = 0; lastKnownFileType = unknown; name = "Barlow-BlackItalic.ttf"; path = "../Assets/fonts/Barlow-BlackItalic.ttf"; sourceTree = "<group>"; };
		900C101F949C42B388EA6317 /* Barlow-ExtraLight.ttf */ = {isa = PBXFileReference; explicitFileType = undefined; fileEncoding = undefined; includeInIndex = 0; lastKnownFileType = unknown; name = "Barlow-ExtraLight.ttf"; path = "../Assets/fonts/Barlow-ExtraLight.ttf"; sourceTree = "<group>"; };
		9110939F24DF4153BD6270E2 /* IBMPlexSans-SemiBold.ttf */ = {isa = PBXFileReference; explicitFileType = undefined; fileEncoding = undefined; includeInIndex = 0; lastKnownFileType = unknown; name = "IBMPlexSans-SemiBold.ttf"; path = "../Assets/fonts/IBMPlexSans-SemiBold.ttf"; sourceTree = "<group>"; };
		9827FE778BC844E3941FC9C2 /* Barlow-Thin.ttf */ = {isa = PBXFileReference; explicitFileType = undefined; fileEncoding = undefined; includeInIndex = 0; lastKnownFileType = unknown; name = "Barlow-Thin.ttf"; path = "../Assets/fonts/Barlow-Thin.ttf"; sourceTree = "<group>"; };
		A7A28B5EC533438EA4C1CE90 /* Barlow-ExtraLightItalic.ttf */ = {isa = PBXFileReference; explicitFileType = undefined; fileEncoding = undefined; includeInIndex = 0; lastKnownFileType = unknown; name = "Barlow-ExtraLightItalic.ttf"; path = "../Assets/fonts/Barlow-ExtraLightItalic.ttf"; sourceTree = "<group>"; };
		C2703E38E82A4F09B259D6BE /* OpenSans-Bold.ttf */ = {isa = PBXFileReference; explicitFileType = undefined; fileEncoding = undefined; includeInIndex = 0; lastKnownFileType = unknown; name = "OpenSans-Bold.ttf"; path = "../Assets/fonts/OpenSans-Bold.ttf"; sourceTree = "<group>"; };
		DA12DB2E978C40639EB04C92 /* IBMPlexSans-Thin.ttf */ = {isa = PBXFileReference; explicitFileType = undefined; fileEncoding = undefined; includeInIndex = 0; lastKnownFileType = unknown; name = "IBMPlexSans-Thin.ttf"; path = "../Assets/fonts/IBMPlexSans-Thin.ttf"; sourceTree = "<group>"; };
		DDC59302306F41C7ABCADCC3 /* adihaus-bold.ttf */ = {isa = PBXFileReference; explicitFileType = undefined; fileEncoding = undefined; includeInIndex = 0; lastKnownFileType = unknown; name = "adihaus-bold.ttf"; path = "../Assets/fonts/adihaus-bold.ttf"; sourceTree = "<group>"; };
		E84E670ED6D7C6DB982AC38A /* Pods-OneStackPhase_2-OneStackPhase_2Tests.debug.xcconfig */ = {isa = PBXFileReference; includeInIndex = 1; lastKnownFileType = text.xcconfig; name = "Pods-OneStackPhase_2-OneStackPhase_2Tests.debug.xcconfig"; path = "Target Support Files/Pods-OneStackPhase_2-OneStackPhase_2Tests/Pods-OneStackPhase_2-OneStackPhase_2Tests.debug.xcconfig"; sourceTree = "<group>"; };
		EA10098D939B4B3994C7FF3C /* Barlow-Italic.ttf */ = {isa = PBXFileReference; explicitFileType = undefined; fileEncoding = undefined; includeInIndex = 0; lastKnownFileType = unknown; name = "Barlow-Italic.ttf"; path = "../Assets/fonts/Barlow-Italic.ttf"; sourceTree = "<group>"; };
		ED297162215061F000B7C4FE /* JavaScriptCore.framework */ = {isa = PBXFileReference; lastKnownFileType = wrapper.framework; name = JavaScriptCore.framework; path = System/Library/Frameworks/JavaScriptCore.framework; sourceTree = SDKROOT; };
		EEDF5BF73714420781AF80E3 /* Barlow-Bold.ttf */ = {isa = PBXFileReference; explicitFileType = undefined; fileEncoding = undefined; includeInIndex = 0; lastKnownFileType = unknown; name = "Barlow-Bold.ttf"; path = "../Assets/fonts/Barlow-Bold.ttf"; sourceTree = "<group>"; };
		F1F88572912C4B73BF66DB0D /* adihaus-regular.ttf */ = {isa = PBXFileReference; explicitFileType = undefined; fileEncoding = undefined; includeInIndex = 0; lastKnownFileType = unknown; name = "adihaus-regular.ttf"; path = "../Assets/fonts/adihaus-regular.ttf"; sourceTree = "<group>"; };
		F4006CAFF20368800838269F /* Pods-OneStackPhase_2-OneStackPhase_2Tests.release.xcconfig */ = {isa = PBXFileReference; includeInIndex = 1; lastKnownFileType = text.xcconfig; name = "Pods-OneStackPhase_2-OneStackPhase_2Tests.release.xcconfig"; path = "Target Support Files/Pods-OneStackPhase_2-OneStackPhase_2Tests/Pods-OneStackPhase_2-OneStackPhase_2Tests.release.xcconfig"; sourceTree = "<group>"; };
		FCA2CE87A4D2DC986D713C54 /* libPods-OneStackPhase_2-OneStackPhase_2Tests.a */ = {isa = PBXFileReference; explicitFileType = archive.ar; includeInIndex = 0; path = "libPods-OneStackPhase_2-OneStackPhase_2Tests.a"; sourceTree = BUILT_PRODUCTS_DIR; };
/* End PBXFileReference section */

/* Begin PBXFrameworksBuildPhase section */
		00E356EB1AD99517003FC87E /* Frameworks */ = {
			isa = PBXFrameworksBuildPhase;
			buildActionMask = 2147483647;
			files = (
				2DAE1E1333041056337DC3A9 /* libPods-OneStackPhase_2-OneStackPhase_2Tests.a in Frameworks */,
			);
			runOnlyForDeploymentPostprocessing = 0;
		};
		13B07F8C1A680F5B00A75B9A /* Frameworks */ = {
			isa = PBXFrameworksBuildPhase;
			buildActionMask = 2147483647;
			files = (
				D46606E20A50567CA2AD6128 /* libPods-OneStackPhase_2.a in Frameworks */,
			);
			runOnlyForDeploymentPostprocessing = 0;
		};
/* End PBXFrameworksBuildPhase section */

/* Begin PBXGroup section */
		00E356EF1AD99517003FC87E /* OneStackPhase_2Tests */ = {
			isa = PBXGroup;
			children = (
				00E356F21AD99517003FC87E /* OneStackPhase_2Tests.m */,
				00E356F01AD99517003FC87E /* Supporting Files */,
			);
			path = OneStackPhase_2Tests;
			sourceTree = "<group>";
		};
		00E356F01AD99517003FC87E /* Supporting Files */ = {
			isa = PBXGroup;
			children = (
				00E356F11AD99517003FC87E /* Info.plist */,
			);
			name = "Supporting Files";
			sourceTree = "<group>";
		};
		13B07FAE1A68108700A75B9A /* OneStackPhase_2 */ = {
			isa = PBXGroup;
			children = (
				13B07FAF1A68108700A75B9A /* AppDelegate.h */,
				13B07FB01A68108700A75B9A /* AppDelegate.m */,
				13B07FB51A68108700A75B9A /* Images.xcassets */,
				13B07FB61A68108700A75B9A /* Info.plist */,
				81AB9BB72411601600AC10FF /* LaunchScreen.storyboard */,
				13B07FB71A68108700A75B9A /* main.m */,
			);
			name = OneStackPhase_2;
			sourceTree = "<group>";
		};
		2D16E6871FA4F8E400B85C8A /* Frameworks */ = {
			isa = PBXGroup;
			children = (
				ED297162215061F000B7C4FE /* JavaScriptCore.framework */,
				6DCCAA3EC92EE6B64E08819F /* libPods-OneStackPhase_2.a */,
				FCA2CE87A4D2DC986D713C54 /* libPods-OneStackPhase_2-OneStackPhase_2Tests.a */,
			);
			name = Frameworks;
			sourceTree = "<group>";
		};
		832341AE1AAA6A7D00B99B32 /* Libraries */ = {
			isa = PBXGroup;
			children = (
			);
			name = Libraries;
			sourceTree = "<group>";
		};
		83CBB9F61A601CBA00E9B192 = {
			isa = PBXGroup;
			children = (
				13B07FAE1A68108700A75B9A /* OneStackPhase_2 */,
				832341AE1AAA6A7D00B99B32 /* Libraries */,
				00E356EF1AD99517003FC87E /* OneStackPhase_2Tests */,
				83CBBA001A601CBA00E9B192 /* Products */,
				2D16E6871FA4F8E400B85C8A /* Frameworks */,
				E4C7270ABA0D23BC7DF3C560 /* Pods */,
				C60BBC8AB6CA43178F12D97A /* Resources */,
			);
			indentWidth = 2;
			sourceTree = "<group>";
			tabWidth = 2;
			usesTabs = 0;
		};
		83CBBA001A601CBA00E9B192 /* Products */ = {
			isa = PBXGroup;
			children = (
				13B07F961A680F5B00A75B9A /* OneStackPhase_2.app */,
				00E356EE1AD99517003FC87E /* OneStackPhase_2Tests.xctest */,
			);
			name = Products;
			sourceTree = "<group>";
		};
		C60BBC8AB6CA43178F12D97A /* Resources */ = {
			isa = PBXGroup;
			children = (
				DDC59302306F41C7ABCADCC3 /* adihaus-bold.ttf */,
				5C5E651B69D44D9D8EDFBD1E /* adihaus-italic.ttf */,
				F1F88572912C4B73BF66DB0D /* adihaus-regular.ttf */,
				12CF320E4B974B0AB4E2B4BA /* Barlow-Black.ttf */,
				8F5B04119E2445B0944225F9 /* Barlow-BlackItalic.ttf */,
				EEDF5BF73714420781AF80E3 /* Barlow-Bold.ttf */,
				6CE91BC97DA345D3AD9C0EB1 /* Barlow-BoldItalic.ttf */,
				1444C498864E452190B1FD8C /* Barlow-ExtraBold.ttf */,
				63D314AAEAC84D17971D3A7B /* Barlow-ExtraBoldItalic.ttf */,
				900C101F949C42B388EA6317 /* Barlow-ExtraLight.ttf */,
				A7A28B5EC533438EA4C1CE90 /* Barlow-ExtraLightItalic.ttf */,
				EA10098D939B4B3994C7FF3C /* Barlow-Italic.ttf */,
				637560FBF783494E8748CAF8 /* Barlow-Light.ttf */,
				245E102E95CC4582BA607480 /* Barlow-LightItalic.ttf */,
				75C413B3CE654C249DB05500 /* Barlow-Medium.ttf */,
				2795E3C355E64F458C37ADF1 /* Barlow-MediumItalic.ttf */,
				762CA774AE624889B309897F /* Barlow-Regular.ttf */,
				0E50596A417A422BB67AF5C1 /* Barlow-SemiBold.ttf */,
				72D8E2445B034D09A4F8BCE8 /* Barlow-SemiBoldItalic.ttf */,
				9827FE778BC844E3941FC9C2 /* Barlow-Thin.ttf */,
				6502139172684A178EE8600E /* Barlow-ThinItalic.ttf */,
				750F2E58F05D4C6EB07EC27E /* IBMPlexSans-Bold.ttf */,
				7DA4DF7E069248BBBAE5534A /* IBMPlexSans-ExtraLight.ttf */,
				4D9416CA2C41401687B1B008 /* IBMPlexSans-Light.ttf */,
				8AF089C6D9B44B67B2F9883E /* IBMPlexSans-Medium.ttf */,
				6A63FF88FAC74187A8419B04 /* IBMPlexSans-Regular.ttf */,
				9110939F24DF4153BD6270E2 /* IBMPlexSans-SemiBold.ttf */,
				DA12DB2E978C40639EB04C92 /* IBMPlexSans-Thin.ttf */,
				C2703E38E82A4F09B259D6BE /* OpenSans-Bold.ttf */,
				6524E24E3FE1475EB7BE526F /* OpenSans-Light.ttf */,
				7E55256F54914A4AAC1A68A6 /* OpenSans-Regular.ttf */,
				57276BEB27B54424918C14E5 /* OpenSans-SemiBold.ttf */,
			);
			name = Resources;
			path = "";
			sourceTree = "<group>";
		};
		E4C7270ABA0D23BC7DF3C560 /* Pods */ = {
			isa = PBXGroup;
			children = (
				3B9DA01623465FDEC93F94B8 /* Pods-OneStackPhase_2.debug.xcconfig */,
				522FD66628870E0137F930A8 /* Pods-OneStackPhase_2.release.xcconfig */,
				E84E670ED6D7C6DB982AC38A /* Pods-OneStackPhase_2-OneStackPhase_2Tests.debug.xcconfig */,
				F4006CAFF20368800838269F /* Pods-OneStackPhase_2-OneStackPhase_2Tests.release.xcconfig */,
			);
			path = Pods;
			sourceTree = "<group>";
		};
/* End PBXGroup section */

/* Begin PBXNativeTarget section */
		00E356ED1AD99517003FC87E /* OneStackPhase_2Tests */ = {
			isa = PBXNativeTarget;
			buildConfigurationList = 00E357021AD99517003FC87E /* Build configuration list for PBXNativeTarget "OneStackPhase_2Tests" */;
			buildPhases = (
				3A603662F63AF1931A270C4E /* [CP] Check Pods Manifest.lock */,
				00E356EA1AD99517003FC87E /* Sources */,
				00E356EB1AD99517003FC87E /* Frameworks */,
				00E356EC1AD99517003FC87E /* Resources */,
				4351264D56A49A3F399E4A3D /* [CP] Embed Pods Frameworks */,
				81CB33C849027B89797B2C6E /* [CP] Copy Pods Resources */,
			);
			buildRules = (
			);
			dependencies = (
				00E356F51AD99517003FC87E /* PBXTargetDependency */,
			);
			name = OneStackPhase_2Tests;
			productName = OneStackPhase_2Tests;
			productReference = 00E356EE1AD99517003FC87E /* OneStackPhase_2Tests.xctest */;
			productType = "com.apple.product-type.bundle.unit-test";
		};
		13B07F861A680F5B00A75B9A /* OneStackPhase_2 */ = {
			isa = PBXNativeTarget;
			buildConfigurationList = 13B07F931A680F5B00A75B9A /* Build configuration list for PBXNativeTarget "OneStackPhase_2" */;
			buildPhases = (
				2B51FA8DCAA6CCCE0F2A14A3 /* [CP] Check Pods Manifest.lock */,
				FD10A7F022414F080027D42C /* Start Packager */,
				13B07F871A680F5B00A75B9A /* Sources */,
				13B07F8C1A680F5B00A75B9A /* Frameworks */,
				13B07F8E1A680F5B00A75B9A /* Resources */,
				00DD1BFF1BD5951E006B06BC /* Bundle React Native code and images */,
				4671DD3B5970217A35AD7CAA /* [CP] Embed Pods Frameworks */,
				84199C4AD777B28AFFCC3046 /* [CP] Copy Pods Resources */,
			);
			buildRules = (
			);
			dependencies = (
			);
			name = OneStackPhase_2;
			productName = OneStackPhase_2;
			productReference = 13B07F961A680F5B00A75B9A /* OneStackPhase_2.app */;
			productType = "com.apple.product-type.application";
		};
/* End PBXNativeTarget section */

/* Begin PBXProject section */
		83CBB9F71A601CBA00E9B192 /* Project object */ = {
			isa = PBXProject;
			attributes = {
				LastUpgradeCheck = 1210;
				TargetAttributes = {
					00E356ED1AD99517003FC87E = {
						CreatedOnToolsVersion = 6.2;
						TestTargetID = 13B07F861A680F5B00A75B9A;
					};
					13B07F861A680F5B00A75B9A = {
						LastSwiftMigration = 1120;
					};
				};
			};
			buildConfigurationList = 83CBB9FA1A601CBA00E9B192 /* Build configuration list for PBXProject "OneStackPhase_2" */;
			compatibilityVersion = "Xcode 12.0";
			developmentRegion = en;
			hasScannedForEncodings = 0;
			knownRegions = (
				en,
				Base,
			);
			mainGroup = 83CBB9F61A601CBA00E9B192;
			productRefGroup = 83CBBA001A601CBA00E9B192 /* Products */;
			projectDirPath = "";
			projectRoot = "";
			targets = (
				13B07F861A680F5B00A75B9A /* OneStackPhase_2 */,
				00E356ED1AD99517003FC87E /* OneStackPhase_2Tests */,
			);
		};
/* End PBXProject section */

/* Begin PBXResourcesBuildPhase section */
		00E356EC1AD99517003FC87E /* Resources */ = {
			isa = PBXResourcesBuildPhase;
			buildActionMask = 2147483647;
			files = (
			);
			runOnlyForDeploymentPostprocessing = 0;
		};
		13B07F8E1A680F5B00A75B9A /* Resources */ = {
			isa = PBXResourcesBuildPhase;
			buildActionMask = 2147483647;
			files = (
				81AB9BB82411601600AC10FF /* LaunchScreen.storyboard in Resources */,
				13B07FBF1A68108700A75B9A /* Images.xcassets in Resources */,
				CD7AB41F5D2649E28338C5C2 /* adihaus-bold.ttf in Resources */,
				C92B2BB53E0A467FB3F54D40 /* adihaus-italic.ttf in Resources */,
				34BCB6EDD8984A80BEC1FF0F /* adihaus-regular.ttf in Resources */,
				81D84E361F2E40B9BCD41DB2 /* Barlow-Black.ttf in Resources */,
				C222E11350C3492C9818E48E /* Barlow-BlackItalic.ttf in Resources */,
				C5B1A4D7BF6F428F85232038 /* Barlow-Bold.ttf in Resources */,
				22C0F87FDFFC40D1B2D544AA /* Barlow-BoldItalic.ttf in Resources */,
				DC52CE650A9C4466837F5FA7 /* Barlow-ExtraBold.ttf in Resources */,
				A341EAE4D4C248659D31D535 /* Barlow-ExtraBoldItalic.ttf in Resources */,
				9EF76A4079334E9A9C7765E9 /* Barlow-ExtraLight.ttf in Resources */,
				A6B96666B5EE4A2FA18089E8 /* Barlow-ExtraLightItalic.ttf in Resources */,
				8718858C344D49228F9DC146 /* Barlow-Italic.ttf in Resources */,
				084BCCC3950345BAAB295BB8 /* Barlow-Light.ttf in Resources */,
				EED0A54FB5B44BD1ADA646CA /* Barlow-LightItalic.ttf in Resources */,
				EBA88B0DD4574ACE902FEE9A /* Barlow-Medium.ttf in Resources */,
				3BD26A0A24134F318C886F2B /* Barlow-MediumItalic.ttf in Resources */,
				239FDBEE7FF14D1A83E0D9DD /* Barlow-Regular.ttf in Resources */,
				272B6A7F32FD42BB9FBEC185 /* Barlow-SemiBold.ttf in Resources */,
				160644D4FFE948BCB4621A6D /* Barlow-SemiBoldItalic.ttf in Resources */,
				FCD42950E9C245C482EA9FB4 /* Barlow-Thin.ttf in Resources */,
				9CD6B1F0C2F1463BB09FE259 /* Barlow-ThinItalic.ttf in Resources */,
				C2B74110201B49B39EB81E77 /* IBMPlexSans-Bold.ttf in Resources */,
				141ECE0200D64A0A858CE123 /* IBMPlexSans-ExtraLight.ttf in Resources */,
				B28752DF998B49A39793D690 /* IBMPlexSans-Light.ttf in Resources */,
				D98EFDD95F7F4091BC5B857D /* IBMPlexSans-Medium.ttf in Resources */,
				CE272A5163CE47789E239802 /* IBMPlexSans-Regular.ttf in Resources */,
				F38D4156C64B4A62B55AF229 /* IBMPlexSans-SemiBold.ttf in Resources */,
				1663F6A5740D467C872B1C28 /* IBMPlexSans-Thin.ttf in Resources */,
				B28C4D51A4BC4DD4AADA8A6C /* OpenSans-Bold.ttf in Resources */,
				541E9A53F578445495940127 /* OpenSans-Light.ttf in Resources */,
				5279011E9AA145ACA52FC9D8 /* OpenSans-Regular.ttf in Resources */,
				E04676B25F0F43F3A9FE7A76 /* OpenSans-SemiBold.ttf in Resources */,
			);
			runOnlyForDeploymentPostprocessing = 0;
		};
/* End PBXResourcesBuildPhase section */

/* Begin PBXShellScriptBuildPhase section */
		00DD1BFF1BD5951E006B06BC /* Bundle React Native code and images */ = {
			isa = PBXShellScriptBuildPhase;
			buildActionMask = 2147483647;
			files = (
			);
			inputPaths = (
			);
			name = "Bundle React Native code and images";
			outputPaths = (
			);
			runOnlyForDeploymentPostprocessing = 0;
			shellPath = /bin/sh;
			shellScript = "set -e\n\nexport NODE_BINARY=node\n../node_modules/react-native/scripts/react-native-xcode.sh\n";
		};
		2B51FA8DCAA6CCCE0F2A14A3 /* [CP] Check Pods Manifest.lock */ = {
			isa = PBXShellScriptBuildPhase;
			buildActionMask = 2147483647;
			files = (
			);
			inputFileListPaths = (
			);
			inputPaths = (
				"${PODS_PODFILE_DIR_PATH}/Podfile.lock",
				"${PODS_ROOT}/Manifest.lock",
			);
			name = "[CP] Check Pods Manifest.lock";
			outputFileListPaths = (
			);
			outputPaths = (
				"$(DERIVED_FILE_DIR)/Pods-OneStackPhase_2-checkManifestLockResult.txt",
			);
			runOnlyForDeploymentPostprocessing = 0;
			shellPath = /bin/sh;
			shellScript = "diff \"${PODS_PODFILE_DIR_PATH}/Podfile.lock\" \"${PODS_ROOT}/Manifest.lock\" > /dev/null\nif [ $? != 0 ] ; then\n    # print error to STDERR\n    echo \"error: The sandbox is not in sync with the Podfile.lock. Run 'pod install' or update your CocoaPods installation.\" >&2\n    exit 1\nfi\n# This output is used by Xcode 'outputs' to avoid re-running this script phase.\necho \"SUCCESS\" > \"${SCRIPT_OUTPUT_FILE_0}\"\n";
			showEnvVarsInLog = 0;
		};
		3A603662F63AF1931A270C4E /* [CP] Check Pods Manifest.lock */ = {
			isa = PBXShellScriptBuildPhase;
			buildActionMask = 2147483647;
			files = (
			);
			inputFileListPaths = (
			);
			inputPaths = (
				"${PODS_PODFILE_DIR_PATH}/Podfile.lock",
				"${PODS_ROOT}/Manifest.lock",
			);
			name = "[CP] Check Pods Manifest.lock";
			outputFileListPaths = (
			);
			outputPaths = (
				"$(DERIVED_FILE_DIR)/Pods-OneStackPhase_2-OneStackPhase_2Tests-checkManifestLockResult.txt",
			);
			runOnlyForDeploymentPostprocessing = 0;
			shellPath = /bin/sh;
			shellScript = "diff \"${PODS_PODFILE_DIR_PATH}/Podfile.lock\" \"${PODS_ROOT}/Manifest.lock\" > /dev/null\nif [ $? != 0 ] ; then\n    # print error to STDERR\n    echo \"error: The sandbox is not in sync with the Podfile.lock. Run 'pod install' or update your CocoaPods installation.\" >&2\n    exit 1\nfi\n# This output is used by Xcode 'outputs' to avoid re-running this script phase.\necho \"SUCCESS\" > \"${SCRIPT_OUTPUT_FILE_0}\"\n";
			showEnvVarsInLog = 0;
		};
		4351264D56A49A3F399E4A3D /* [CP] Embed Pods Frameworks */ = {
			isa = PBXShellScriptBuildPhase;
			buildActionMask = 2147483647;
			files = (
			);
			inputFileListPaths = (
				"${PODS_ROOT}/Target Support Files/Pods-OneStackPhase_2-OneStackPhase_2Tests/Pods-OneStackPhase_2-OneStackPhase_2Tests-frameworks-${CONFIGURATION}-input-files.xcfilelist",
			);
			name = "[CP] Embed Pods Frameworks";
			outputFileListPaths = (
				"${PODS_ROOT}/Target Support Files/Pods-OneStackPhase_2-OneStackPhase_2Tests/Pods-OneStackPhase_2-OneStackPhase_2Tests-frameworks-${CONFIGURATION}-output-files.xcfilelist",
			);
			runOnlyForDeploymentPostprocessing = 0;
			shellPath = /bin/sh;
			shellScript = "\"${PODS_ROOT}/Target Support Files/Pods-OneStackPhase_2-OneStackPhase_2Tests/Pods-OneStackPhase_2-OneStackPhase_2Tests-frameworks.sh\"\n";
			showEnvVarsInLog = 0;
		};
		4671DD3B5970217A35AD7CAA /* [CP] Embed Pods Frameworks */ = {
			isa = PBXShellScriptBuildPhase;
			buildActionMask = 2147483647;
			files = (
			);
			inputFileListPaths = (
				"${PODS_ROOT}/Target Support Files/Pods-OneStackPhase_2/Pods-OneStackPhase_2-frameworks-${CONFIGURATION}-input-files.xcfilelist",
			);
			name = "[CP] Embed Pods Frameworks";
			outputFileListPaths = (
				"${PODS_ROOT}/Target Support Files/Pods-OneStackPhase_2/Pods-OneStackPhase_2-frameworks-${CONFIGURATION}-output-files.xcfilelist",
			);
			runOnlyForDeploymentPostprocessing = 0;
			shellPath = /bin/sh;
			shellScript = "\"${PODS_ROOT}/Target Support Files/Pods-OneStackPhase_2/Pods-OneStackPhase_2-frameworks.sh\"\n";
			showEnvVarsInLog = 0;
		};
		81CB33C849027B89797B2C6E /* [CP] Copy Pods Resources */ = {
			isa = PBXShellScriptBuildPhase;
			buildActionMask = 2147483647;
			files = (
			);
			inputFileListPaths = (
				"${PODS_ROOT}/Target Support Files/Pods-OneStackPhase_2-OneStackPhase_2Tests/Pods-OneStackPhase_2-OneStackPhase_2Tests-resources-${CONFIGURATION}-input-files.xcfilelist",
			);
			name = "[CP] Copy Pods Resources";
			outputFileListPaths = (
				"${PODS_ROOT}/Target Support Files/Pods-OneStackPhase_2-OneStackPhase_2Tests/Pods-OneStackPhase_2-OneStackPhase_2Tests-resources-${CONFIGURATION}-output-files.xcfilelist",
			);
			runOnlyForDeploymentPostprocessing = 0;
			shellPath = /bin/sh;
			shellScript = "\"${PODS_ROOT}/Target Support Files/Pods-OneStackPhase_2-OneStackPhase_2Tests/Pods-OneStackPhase_2-OneStackPhase_2Tests-resources.sh\"\n";
			showEnvVarsInLog = 0;
		};
		84199C4AD777B28AFFCC3046 /* [CP] Copy Pods Resources */ = {
			isa = PBXShellScriptBuildPhase;
			buildActionMask = 2147483647;
			files = (
			);
			inputFileListPaths = (
				"${PODS_ROOT}/Target Support Files/Pods-OneStackPhase_2/Pods-OneStackPhase_2-resources-${CONFIGURATION}-input-files.xcfilelist",
			);
			name = "[CP] Copy Pods Resources";
			outputFileListPaths = (
				"${PODS_ROOT}/Target Support Files/Pods-OneStackPhase_2/Pods-OneStackPhase_2-resources-${CONFIGURATION}-output-files.xcfilelist",
			);
			runOnlyForDeploymentPostprocessing = 0;
			shellPath = /bin/sh;
			shellScript = "\"${PODS_ROOT}/Target Support Files/Pods-OneStackPhase_2/Pods-OneStackPhase_2-resources.sh\"\n";
			showEnvVarsInLog = 0;
		};
		FD10A7F022414F080027D42C /* Start Packager */ = {
			isa = PBXShellScriptBuildPhase;
			buildActionMask = 2147483647;
			files = (
			);
			inputFileListPaths = (
			);
			inputPaths = (
			);
			name = "Start Packager";
			outputFileListPaths = (
			);
			outputPaths = (
			);
			runOnlyForDeploymentPostprocessing = 0;
			shellPath = /bin/sh;
			shellScript = "export RCT_METRO_PORT=\"${RCT_METRO_PORT:=8081}\"\necho \"export RCT_METRO_PORT=${RCT_METRO_PORT}\" > \"${SRCROOT}/../node_modules/react-native/scripts/.packager.env\"\nif [ -z \"${RCT_NO_LAUNCH_PACKAGER+xxx}\" ] ; then\n  if nc -w 5 -z localhost ${RCT_METRO_PORT} ; then\n    if ! curl -s \"http://localhost:${RCT_METRO_PORT}/status\" | grep -q \"packager-status:running\" ; then\n      echo \"Port ${RCT_METRO_PORT} already in use, packager is either not running or not running correctly\"\n      exit 2\n    fi\n  else\n    open \"$SRCROOT/../node_modules/react-native/scripts/launchPackager.command\" || echo \"Can't start packager automatically\"\n  fi\nfi\n";
			showEnvVarsInLog = 0;
		};
/* End PBXShellScriptBuildPhase section */

/* Begin PBXSourcesBuildPhase section */
		00E356EA1AD99517003FC87E /* Sources */ = {
			isa = PBXSourcesBuildPhase;
			buildActionMask = 2147483647;
			files = (
				00E356F31AD99517003FC87E /* OneStackPhase_2Tests.m in Sources */,
			);
			runOnlyForDeploymentPostprocessing = 0;
		};
		13B07F871A680F5B00A75B9A /* Sources */ = {
			isa = PBXSourcesBuildPhase;
			buildActionMask = 2147483647;
			files = (
				13B07FBC1A68108700A75B9A /* AppDelegate.m in Sources */,
				13B07FC11A68108700A75B9A /* main.m in Sources */,
			);
			runOnlyForDeploymentPostprocessing = 0;
		};
/* End PBXSourcesBuildPhase section */

/* Begin PBXTargetDependency section */
		00E356F51AD99517003FC87E /* PBXTargetDependency */ = {
			isa = PBXTargetDependency;
			target = 13B07F861A680F5B00A75B9A /* OneStackPhase_2 */;
			targetProxy = 00E356F41AD99517003FC87E /* PBXContainerItemProxy */;
		};
/* End PBXTargetDependency section */

/* Begin XCBuildConfiguration section */
		00E356F61AD99517003FC87E /* Debug */ = {
			isa = XCBuildConfiguration;
			baseConfigurationReference = E84E670ED6D7C6DB982AC38A /* Pods-OneStackPhase_2-OneStackPhase_2Tests.debug.xcconfig */;
			buildSettings = {
				BUNDLE_LOADER = "$(TEST_HOST)";
				GCC_PREPROCESSOR_DEFINITIONS = (
					"DEBUG=1",
					"$(inherited)",
				);
				INFOPLIST_FILE = OneStackPhase_2Tests/Info.plist;
				IPHONEOS_DEPLOYMENT_TARGET = 11.0;
				LD_RUNPATH_SEARCH_PATHS = (
					"$(inherited)",
					"@executable_path/Frameworks",
					"@loader_path/Frameworks",
				);
				OTHER_LDFLAGS = (
					"-ObjC",
					"-lc++",
					"$(inherited)",
				);
				PRODUCT_BUNDLE_IDENTIFIER = "org.reactjs.native.example.$(PRODUCT_NAME:rfc1034identifier)";
				PRODUCT_NAME = "$(TARGET_NAME)";
				TEST_HOST = "$(BUILT_PRODUCTS_DIR)/OneStackPhase_2.app/OneStackPhase_2";
			};
			name = Debug;
		};
		00E356F71AD99517003FC87E /* Release */ = {
			isa = XCBuildConfiguration;
			baseConfigurationReference = F4006CAFF20368800838269F /* Pods-OneStackPhase_2-OneStackPhase_2Tests.release.xcconfig */;
			buildSettings = {
				BUNDLE_LOADER = "$(TEST_HOST)";
				COPY_PHASE_STRIP = NO;
				INFOPLIST_FILE = OneStackPhase_2Tests/Info.plist;
				IPHONEOS_DEPLOYMENT_TARGET = 11.0;
				LD_RUNPATH_SEARCH_PATHS = (
					"$(inherited)",
					"@executable_path/Frameworks",
					"@loader_path/Frameworks",
				);
				OTHER_LDFLAGS = (
					"-ObjC",
					"-lc++",
					"$(inherited)",
				);
				PRODUCT_BUNDLE_IDENTIFIER = "org.reactjs.native.example.$(PRODUCT_NAME:rfc1034identifier)";
				PRODUCT_NAME = "$(TARGET_NAME)";
				TEST_HOST = "$(BUILT_PRODUCTS_DIR)/OneStackPhase_2.app/OneStackPhase_2";
			};
			name = Release;
		};
		13B07F941A680F5B00A75B9A /* Debug */ = {
			isa = XCBuildConfiguration;
			baseConfigurationReference = 3B9DA01623465FDEC93F94B8 /* Pods-OneStackPhase_2.debug.xcconfig */;
			buildSettings = {
				ASSETCATALOG_COMPILER_APPICON_NAME = AppIcon;
				CLANG_ENABLE_MODULES = YES;
				CURRENT_PROJECT_VERSION = 1;
				ENABLE_BITCODE = NO;
				INFOPLIST_FILE = OneStackPhase_2/Info.plist;
				LD_RUNPATH_SEARCH_PATHS = (
					"$(inherited)",
					"@executable_path/Frameworks",
				);
				OTHER_LDFLAGS = (
					"$(inherited)",
					"-ObjC",
					"-lc++",
				);
				PRODUCT_BUNDLE_IDENTIFIER = "org.reactjs.native.example.$(PRODUCT_NAME:rfc1034identifier)";
				PRODUCT_NAME = OneStackPhase_2;
				SWIFT_OPTIMIZATION_LEVEL = "-Onone";
				SWIFT_VERSION = 5.0;
				VERSIONING_SYSTEM = "apple-generic";
			};
			name = Debug;
		};
		13B07F951A680F5B00A75B9A /* Release */ = {
			isa = XCBuildConfiguration;
			baseConfigurationReference = 522FD66628870E0137F930A8 /* Pods-OneStackPhase_2.release.xcconfig */;
			buildSettings = {
				ASSETCATALOG_COMPILER_APPICON_NAME = AppIcon;
				CLANG_ENABLE_MODULES = YES;
				CURRENT_PROJECT_VERSION = 1;
				INFOPLIST_FILE = OneStackPhase_2/Info.plist;
				LD_RUNPATH_SEARCH_PATHS = (
					"$(inherited)",
					"@executable_path/Frameworks",
				);
				OTHER_LDFLAGS = (
					"$(inherited)",
					"-ObjC",
					"-lc++",
				);
				PRODUCT_BUNDLE_IDENTIFIER = "org.reactjs.native.example.$(PRODUCT_NAME:rfc1034identifier)";
				PRODUCT_NAME = OneStackPhase_2;
				SWIFT_VERSION = 5.0;
				VERSIONING_SYSTEM = "apple-generic";
			};
			name = Release;
		};
		83CBBA201A601CBA00E9B192 /* Debug */ = {
			isa = XCBuildConfiguration;
			buildSettings = {
				ALWAYS_SEARCH_USER_PATHS = NO;
				CLANG_ANALYZER_LOCALIZABILITY_NONLOCALIZED = YES;
				CLANG_CXX_LANGUAGE_STANDARD = "gnu++0x";
				CLANG_CXX_LIBRARY = "libc++";
				CLANG_ENABLE_MODULES = YES;
				CLANG_ENABLE_OBJC_ARC = YES;
				CLANG_WARN_BLOCK_CAPTURE_AUTORELEASING = YES;
				CLANG_WARN_BOOL_CONVERSION = YES;
				CLANG_WARN_COMMA = YES;
				CLANG_WARN_CONSTANT_CONVERSION = YES;
				CLANG_WARN_DEPRECATED_OBJC_IMPLEMENTATIONS = YES;
				CLANG_WARN_DIRECT_OBJC_ISA_USAGE = YES_ERROR;
				CLANG_WARN_EMPTY_BODY = YES;
				CLANG_WARN_ENUM_CONVERSION = YES;
				CLANG_WARN_INFINITE_RECURSION = YES;
				CLANG_WARN_INT_CONVERSION = YES;
				CLANG_WARN_NON_LITERAL_NULL_CONVERSION = YES;
				CLANG_WARN_OBJC_IMPLICIT_RETAIN_SELF = YES;
				CLANG_WARN_OBJC_LITERAL_CONVERSION = YES;
				CLANG_WARN_OBJC_ROOT_CLASS = YES_ERROR;
				CLANG_WARN_QUOTED_INCLUDE_IN_FRAMEWORK_HEADER = YES;
				CLANG_WARN_RANGE_LOOP_ANALYSIS = YES;
				CLANG_WARN_STRICT_PROTOTYPES = YES;
				CLANG_WARN_SUSPICIOUS_MOVE = YES;
				CLANG_WARN_UNREACHABLE_CODE = YES;
				CLANG_WARN__DUPLICATE_METHOD_MATCH = YES;
				"CODE_SIGN_IDENTITY[sdk=iphoneos*]" = "iPhone Developer";
				COPY_PHASE_STRIP = NO;
				ENABLE_STRICT_OBJC_MSGSEND = YES;
				ENABLE_TESTABILITY = YES;
				"EXCLUDED_ARCHS[sdk=iphonesimulator*]" = "";
				GCC_C_LANGUAGE_STANDARD = gnu99;
				GCC_DYNAMIC_NO_PIC = NO;
				GCC_NO_COMMON_BLOCKS = YES;
				GCC_OPTIMIZATION_LEVEL = 0;
				GCC_PREPROCESSOR_DEFINITIONS = (
					"DEBUG=1",
					"$(inherited)",
				);
				GCC_SYMBOLS_PRIVATE_EXTERN = NO;
				GCC_WARN_64_TO_32_BIT_CONVERSION = YES;
				GCC_WARN_ABOUT_RETURN_TYPE = YES_ERROR;
				GCC_WARN_UNDECLARED_SELECTOR = YES;
				GCC_WARN_UNINITIALIZED_AUTOS = YES_AGGRESSIVE;
				GCC_WARN_UNUSED_FUNCTION = YES;
				GCC_WARN_UNUSED_VARIABLE = YES;
				IPHONEOS_DEPLOYMENT_TARGET = 11.0;
				LD_RUNPATH_SEARCH_PATHS = (
					/usr/lib/swift,
					"$(inherited)",
				);
				LIBRARY_SEARCH_PATHS = (
					"\"$(SDKROOT)/usr/lib/swift\"",
					"\"$(TOOLCHAIN_DIR)/usr/lib/swift/$(PLATFORM_NAME)\"",
					"\"$(inherited)\"",
				);
				MTL_ENABLE_DEBUG_INFO = YES;
				ONLY_ACTIVE_ARCH = YES;
				SDKROOT = iphoneos;
			};
			name = Debug;
		};
		83CBBA211A601CBA00E9B192 /* Release */ = {
			isa = XCBuildConfiguration;
			buildSettings = {
				ALWAYS_SEARCH_USER_PATHS = NO;
				CLANG_ANALYZER_LOCALIZABILITY_NONLOCALIZED = YES;
				CLANG_CXX_LANGUAGE_STANDARD = "gnu++0x";
				CLANG_CXX_LIBRARY = "libc++";
				CLANG_ENABLE_MODULES = YES;
				CLANG_ENABLE_OBJC_ARC = YES;
				CLANG_WARN_BLOCK_CAPTURE_AUTORELEASING = YES;
				CLANG_WARN_BOOL_CONVERSION = YES;
				CLANG_WARN_COMMA = YES;
				CLANG_WARN_CONSTANT_CONVERSION = YES;
				CLANG_WARN_DEPRECATED_OBJC_IMPLEMENTATIONS = YES;
				CLANG_WARN_DIRECT_OBJC_ISA_USAGE = YES_ERROR;
				CLANG_WARN_EMPTY_BODY = YES;
				CLANG_WARN_ENUM_CONVERSION = YES;
				CLANG_WARN_INFINITE_RECURSION = YES;
				CLANG_WARN_INT_CONVERSION = YES;
				CLANG_WARN_NON_LITERAL_NULL_CONVERSION = YES;
				CLANG_WARN_OBJC_IMPLICIT_RETAIN_SELF = YES;
				CLANG_WARN_OBJC_LITERAL_CONVERSION = YES;
				CLANG_WARN_OBJC_ROOT_CLASS = YES_ERROR;
				CLANG_WARN_QUOTED_INCLUDE_IN_FRAMEWORK_HEADER = YES;
				CLANG_WARN_RANGE_LOOP_ANALYSIS = YES;
				CLANG_WARN_STRICT_PROTOTYPES = YES;
				CLANG_WARN_SUSPICIOUS_MOVE = YES;
				CLANG_WARN_UNREACHABLE_CODE = YES;
				CLANG_WARN__DUPLICATE_METHOD_MATCH = YES;
				"CODE_SIGN_IDENTITY[sdk=iphoneos*]" = "iPhone Developer";
				COPY_PHASE_STRIP = YES;
				ENABLE_NS_ASSERTIONS = NO;
				ENABLE_STRICT_OBJC_MSGSEND = YES;
				"EXCLUDED_ARCHS[sdk=iphonesimulator*]" = "";
				GCC_C_LANGUAGE_STANDARD = gnu99;
				GCC_NO_COMMON_BLOCKS = YES;
				GCC_WARN_64_TO_32_BIT_CONVERSION = YES;
				GCC_WARN_ABOUT_RETURN_TYPE = YES_ERROR;
				GCC_WARN_UNDECLARED_SELECTOR = YES;
				GCC_WARN_UNINITIALIZED_AUTOS = YES_AGGRESSIVE;
				GCC_WARN_UNUSED_FUNCTION = YES;
				GCC_WARN_UNUSED_VARIABLE = YES;
				IPHONEOS_DEPLOYMENT_TARGET = 11.0;
				LD_RUNPATH_SEARCH_PATHS = (
					/usr/lib/swift,
					"$(inherited)",
				);
				LIBRARY_SEARCH_PATHS = (
					"\"$(SDKROOT)/usr/lib/swift\"",
					"\"$(TOOLCHAIN_DIR)/usr/lib/swift/$(PLATFORM_NAME)\"",
					"\"$(inherited)\"",
				);
				MTL_ENABLE_DEBUG_INFO = NO;
				SDKROOT = iphoneos;
				VALIDATE_PRODUCT = YES;
			};
			name = Release;
		};
/* End XCBuildConfiguration section */

/* Begin XCConfigurationList section */
		00E357021AD99517003FC87E /* Build configuration list for PBXNativeTarget "OneStackPhase_2Tests" */ = {
			isa = XCConfigurationList;
			buildConfigurations = (
				00E356F61AD99517003FC87E /* Debug */,
				00E356F71AD99517003FC87E /* Release */,
			);
			defaultConfigurationIsVisible = 0;
			defaultConfigurationName = Release;
		};
		13B07F931A680F5B00A75B9A /* Build configuration list for PBXNativeTarget "OneStackPhase_2" */ = {
			isa = XCConfigurationList;
			buildConfigurations = (
				13B07F941A680F5B00A75B9A /* Debug */,
				13B07F951A680F5B00A75B9A /* Release */,
			);
			defaultConfigurationIsVisible = 0;
			defaultConfigurationName = Release;
		};
		83CBB9FA1A601CBA00E9B192 /* Build configuration list for PBXProject "OneStackPhase_2" */ = {
			isa = XCConfigurationList;
			buildConfigurations = (
				83CBBA201A601CBA00E9B192 /* Debug */,
				83CBBA211A601CBA00E9B192 /* Release */,
			);
			defaultConfigurationIsVisible = 0;
			defaultConfigurationName = Release;
		};
/* End XCConfigurationList section */
	};
	rootObject = 83CBB9F71A601CBA00E9B192 /* Project object */;
}
